
Microsoft Visual Studio Solution File, Format Version 12.00
# Visual Studio 15
VisualStudioVersion = 15.0.28307.572
MinimumVisualStudioVersion = 10.0.40219.1
Project("{FAE04EC0-301F-11D3-BF4B-00C04F79EFBC}") = "ParaKafe", "ParaKafe\ParaKafe.csproj", "{E5FAF114-4F4A-4B1A-82A8-6C48C8ADE467}"
EndProject
Project("{FAE04EC0-301F-11D3-BF4B-00C04F79EFBC}") = "ParaCafe.Data", "ParaCafe.Data\ParaCafe.Data.csproj", "{F752957B-7A97-493B-B805-775C4554351E}"
EndProject
Global
	GlobalSection(SolutionConfigurationPlatforms) = preSolution
		Debug|Any CPU = Debug|Any CPU
		Release|Any CPU = Release|Any CPU
	EndGlobalSection
	GlobalSection(ProjectConfigurationPlatforms) = postSolution
		{E5FAF114-4F4A-4B1A-82A8-6C48C8ADE467}.Debug|Any CPU.ActiveCfg = Debug|Any CPU
		{E5FAF114-4F4A-4B1A-82A8-6C48C8ADE467}.Debug|Any CPU.Build.0 = Debug|Any CPU
		{E5FAF114-4F4A-4B1A-82A8-6C48C8ADE467}.Release|Any CPU.ActiveCfg = Release|Any CPU
		{E5FAF114-4F4A-4B1A-82A8-6C48C8ADE467}.Release|Any CPU.Build.0 = Release|Any CPU
		{F752957B-7A97-493B-B805-775C4554351E}.Debug|Any CPU.ActiveCfg = Debug|Any CPU
		{F752957B-7A97-493B-B805-775C4554351E}.Debug|Any CPU.Build.0 = Debug|Any CPU
		{F752957B-7A97-493B-B805-775C4554351E}.Release|Any CPU.ActiveCfg = Release|Any CPU
		{F752957B-7A97-493B-B805-775C4554351E}.Release|Any CPU.Build.0 = Release|Any CPU
	EndGlobalSection
	GlobalSection(SolutionProperties) = preSolution
		HideSolutionNode = FALSE
	EndGlobalSection
	GlobalSection(ExtensibilityGlobals) = postSolution
		SolutionGuid = {BD4A554C-C4E4-4307-A297-3F4AA847FB78}
	EndGlobalSection
EndGlobal
